// !$*UTF8*$!
{
	archiveVersion = 1;
	classes = {
	};
	objectVersion = 50;
	objects = {

/* Begin PBXBuildFile section */
		5DBA25E8225E88C5000BA4C5 /* ButtonExtensions.swift in Sources */ = {isa = PBXBuildFile; fileRef = 5DBA25E7225E88C5000BA4C5 /* ButtonExtensions.swift */; };
		64809A38223C3E2C00F5D26F /* Assets.xcassets in Resources */ = {isa = PBXBuildFile; fileRef = 64809A37223C3E2C00F5D26F /* Assets.xcassets */; };
		64809A3F223C3E2C00F5D26F /* testing MessagesExtension.appex in Embed App Extensions */ = {isa = PBXBuildFile; fileRef = 64809A3E223C3E2C00F5D26F /* testing MessagesExtension.appex */; settings = {ATTRIBUTES = (RemoveHeadersOnCopy, ); }; };
		64809A44223C3E2C00F5D26F /* Messages.framework in Frameworks */ = {isa = PBXBuildFile; fileRef = 64809A43223C3E2C00F5D26F /* Messages.framework */; };
		64809A47223C3E2C00F5D26F /* MessagesViewController.swift in Sources */ = {isa = PBXBuildFile; fileRef = 64809A46223C3E2C00F5D26F /* MessagesViewController.swift */; };
		64809A4A223C3E2C00F5D26F /* MainInterface.storyboard in Resources */ = {isa = PBXBuildFile; fileRef = 64809A48223C3E2C00F5D26F /* MainInterface.storyboard */; };
		64809A4C223C3E2D00F5D26F /* Assets.xcassets in Resources */ = {isa = PBXBuildFile; fileRef = 64809A4B223C3E2D00F5D26F /* Assets.xcassets */; };
/* End PBXBuildFile section */

/* Begin PBXContainerItemProxy section */
		64809A40223C3E2C00F5D26F /* PBXContainerItemProxy */ = {
			isa = PBXContainerItemProxy;
			containerPortal = 64809A2E223C3E2B00F5D26F /* Project object */;
			proxyType = 1;
			remoteGlobalIDString = 64809A3D223C3E2C00F5D26F;
			remoteInfo = "testing MessagesExtension";
		};
/* End PBXContainerItemProxy section */

/* Begin PBXCopyFilesBuildPhase section */
		64809A53223C3E2D00F5D26F /* Embed App Extensions */ = {
			isa = PBXCopyFilesBuildPhase;
			buildActionMask = 2147483647;
			dstPath = "";
			dstSubfolderSpec = 13;
			files = (
				64809A3F223C3E2C00F5D26F /* testing MessagesExtension.appex in Embed App Extensions */,
			);
			name = "Embed App Extensions";
			runOnlyForDeploymentPostprocessing = 0;
		};
/* End PBXCopyFilesBuildPhase section */

/* Begin PBXFileReference section */
		5DBA25E7225E88C5000BA4C5 /* ButtonExtensions.swift */ = {isa = PBXFileReference; lastKnownFileType = sourcecode.swift; path = ButtonExtensions.swift; sourceTree = "<group>"; };
		64809A34223C3E2B00F5D26F /* testing.app */ = {isa = PBXFileReference; explicitFileType = wrapper.application; includeInIndex = 0; path = testing.app; sourceTree = BUILT_PRODUCTS_DIR; };
		64809A37223C3E2C00F5D26F /* Assets.xcassets */ = {isa = PBXFileReference; lastKnownFileType = folder.assetcatalog; path = Assets.xcassets; sourceTree = "<group>"; };
		64809A39223C3E2C00F5D26F /* Info.plist */ = {isa = PBXFileReference; lastKnownFileType = text.plist.xml; path = Info.plist; sourceTree = "<group>"; };
		64809A3E223C3E2C00F5D26F /* testing MessagesExtension.appex */ = {isa = PBXFileReference; explicitFileType = "wrapper.app-extension"; includeInIndex = 0; path = "testing MessagesExtension.appex"; sourceTree = BUILT_PRODUCTS_DIR; };
		64809A43223C3E2C00F5D26F /* Messages.framework */ = {isa = PBXFileReference; lastKnownFileType = wrapper.framework; name = Messages.framework; path = System/Library/Frameworks/Messages.framework; sourceTree = SDKROOT; };
		64809A46223C3E2C00F5D26F /* MessagesViewController.swift */ = {isa = PBXFileReference; lastKnownFileType = sourcecode.swift; path = MessagesViewController.swift; sourceTree = "<group>"; };
		64809A49223C3E2C00F5D26F /* Base */ = {isa = PBXFileReference; lastKnownFileType = file.storyboard; name = Base; path = Base.lproj/MainInterface.storyboard; sourceTree = "<group>"; };
		64809A4B223C3E2D00F5D26F /* Assets.xcassets */ = {isa = PBXFileReference; lastKnownFileType = folder.assetcatalog; path = Assets.xcassets; sourceTree = "<group>"; };
		64809A4D223C3E2D00F5D26F /* Info.plist */ = {isa = PBXFileReference; lastKnownFileType = text.plist.xml; path = Info.plist; sourceTree = "<group>"; };
/* End PBXFileReference section */

/* Begin PBXFrameworksBuildPhase section */
		64809A3B223C3E2C00F5D26F /* Frameworks */ = {
			isa = PBXFrameworksBuildPhase;
			buildActionMask = 2147483647;
			files = (
				64809A44223C3E2C00F5D26F /* Messages.framework in Frameworks */,
			);
			runOnlyForDeploymentPostprocessing = 0;
		};
/* End PBXFrameworksBuildPhase section */

/* Begin PBXGroup section */
		5DBA25E5225E8883000BA4C5 /* Extensions */ = {
			isa = PBXGroup;
			children = (
				5DBA25E7225E88C5000BA4C5 /* ButtonExtensions.swift */,
			);
			path = Extensions;
			sourceTree = "<group>";
		};
		64809A2D223C3E2B00F5D26F = {
			isa = PBXGroup;
			children = (
				64809A36223C3E2B00F5D26F /* testing */,
				64809A45223C3E2C00F5D26F /* testing MessagesExtension */,
				64809A42223C3E2C00F5D26F /* Frameworks */,
				64809A35223C3E2B00F5D26F /* Products */,
			);
			sourceTree = "<group>";
		};
		64809A35223C3E2B00F5D26F /* Products */ = {
			isa = PBXGroup;
			children = (
				64809A34223C3E2B00F5D26F /* testing.app */,
				64809A3E223C3E2C00F5D26F /* testing MessagesExtension.appex */,
			);
			name = Products;
			sourceTree = "<group>";
		};
		64809A36223C3E2B00F5D26F /* testing */ = {
			isa = PBXGroup;
			children = (
				64809A37223C3E2C00F5D26F /* Assets.xcassets */,
				64809A39223C3E2C00F5D26F /* Info.plist */,
			);
			path = testing;
			sourceTree = "<group>";
		};
		64809A42223C3E2C00F5D26F /* Frameworks */ = {
			isa = PBXGroup;
			children = (
				64809A43223C3E2C00F5D26F /* Messages.framework */,
			);
			name = Frameworks;
			sourceTree = "<group>";
		};
		64809A45223C3E2C00F5D26F /* testing MessagesExtension */ = {
			isa = PBXGroup;
			children = (
				5DBA25E5225E8883000BA4C5 /* Extensions */,
				64809A46223C3E2C00F5D26F /* MessagesViewController.swift */,
				64809A48223C3E2C00F5D26F /* MainInterface.storyboard */,
				64809A4B223C3E2D00F5D26F /* Assets.xcassets */,
				64809A4D223C3E2D00F5D26F /* Info.plist */,
			);
			path = "testing MessagesExtension";
			sourceTree = "<group>";
		};
/* End PBXGroup section */

/* Begin PBXNativeTarget section */
		64809A33223C3E2B00F5D26F /* testing */ = {
			isa = PBXNativeTarget;
			buildConfigurationList = 64809A54223C3E2D00F5D26F /* Build configuration list for PBXNativeTarget "testing" */;
			buildPhases = (
				64809A32223C3E2B00F5D26F /* Resources */,
				64809A53223C3E2D00F5D26F /* Embed App Extensions */,
			);
			buildRules = (
			);
			dependencies = (
				64809A41223C3E2C00F5D26F /* PBXTargetDependency */,
			);
			name = testing;
			productName = testing;
			productReference = 64809A34223C3E2B00F5D26F /* testing.app */;
			productType = "com.apple.product-type.application.messages";
		};
		64809A3D223C3E2C00F5D26F /* testing MessagesExtension */ = {
			isa = PBXNativeTarget;
			buildConfigurationList = 64809A50223C3E2D00F5D26F /* Build configuration list for PBXNativeTarget "testing MessagesExtension" */;
			buildPhases = (
				64809A3A223C3E2C00F5D26F /* Sources */,
				64809A3B223C3E2C00F5D26F /* Frameworks */,
				64809A3C223C3E2C00F5D26F /* Resources */,
			);
			buildRules = (
			);
			dependencies = (
			);
			name = "testing MessagesExtension";
			productName = "testing MessagesExtension";
			productReference = 64809A3E223C3E2C00F5D26F /* testing MessagesExtension.appex */;
			productType = "com.apple.product-type.app-extension.messages";
		};
/* End PBXNativeTarget section */

/* Begin PBXProject section */
		64809A2E223C3E2B00F5D26F /* Project object */ = {
			isa = PBXProject;
			attributes = {
				LastSwiftUpdateCheck = 1010;
				LastUpgradeCheck = 1010;
				ORGANIZATIONNAME = "Gouri Jamakhandi";
				TargetAttributes = {
					64809A33223C3E2B00F5D26F = {
						CreatedOnToolsVersion = 10.1;
					};
					64809A3D223C3E2C00F5D26F = {
						CreatedOnToolsVersion = 10.1;
					};
				};
			};
			buildConfigurationList = 64809A31223C3E2B00F5D26F /* Build configuration list for PBXProject "testing" */;
			compatibilityVersion = "Xcode 9.3";
			developmentRegion = en;
			hasScannedForEncodings = 0;
			knownRegions = (
				en,
				Base,
			);
			mainGroup = 64809A2D223C3E2B00F5D26F;
			productRefGroup = 64809A35223C3E2B00F5D26F /* Products */;
			projectDirPath = "";
			projectRoot = "";
			targets = (
				64809A33223C3E2B00F5D26F /* testing */,
				64809A3D223C3E2C00F5D26F /* testing MessagesExtension */,
			);
		};
/* End PBXProject section */

/* Begin PBXResourcesBuildPhase section */
		64809A32223C3E2B00F5D26F /* Resources */ = {
			isa = PBXResourcesBuildPhase;
			buildActionMask = 2147483647;
			files = (
				64809A38223C3E2C00F5D26F /* Assets.xcassets in Resources */,
			);
			runOnlyForDeploymentPostprocessing = 0;
		};
		64809A3C223C3E2C00F5D26F /* Resources */ = {
			isa = PBXResourcesBuildPhase;
			buildActionMask = 2147483647;
			files = (
				64809A4C223C3E2D00F5D26F /* Assets.xcassets in Resources */,
				64809A4A223C3E2C00F5D26F /* MainInterface.storyboard in Resources */,
			);
			runOnlyForDeploymentPostprocessing = 0;
		};
/* End PBXResourcesBuildPhase section */

/* Begin PBXSourcesBuildPhase section */
		64809A3A223C3E2C00F5D26F /* Sources */ = {
			isa = PBXSourcesBuildPhase;
			buildActionMask = 2147483647;
			files = (
				64809A47223C3E2C00F5D26F /* MessagesViewController.swift in Sources */,
				5DBA25E8225E88C5000BA4C5 /* ButtonExtensions.swift in Sources */,
			);
			runOnlyForDeploymentPostprocessing = 0;
		};
/* End PBXSourcesBuildPhase section */

/* Begin PBXTargetDependency section */
		64809A41223C3E2C00F5D26F /* PBXTargetDependency */ = {
			isa = PBXTargetDependency;
			target = 64809A3D223C3E2C00F5D26F /* testing MessagesExtension */;
			targetProxy = 64809A40223C3E2C00F5D26F /* PBXContainerItemProxy */;
		};
/* End PBXTargetDependency section */

/* Begin PBXVariantGroup section */
		64809A48223C3E2C00F5D26F /* MainInterface.storyboard */ = {
			isa = PBXVariantGroup;
			children = (
				64809A49223C3E2C00F5D26F /* Base */,
			);
			name = MainInterface.storyboard;
			sourceTree = "<group>";
		};
/* End PBXVariantGroup section */

/* Begin XCBuildConfiguration section */
		64809A4E223C3E2D00F5D26F /* Debug */ = {
			isa = XCBuildConfiguration;
			buildSettings = {
				ALWAYS_SEARCH_USER_PATHS = NO;
				CLANG_ANALYZER_NONNULL = YES;
				CLANG_ANALYZER_NUMBER_OBJECT_CONVERSION = YES_AGGRESSIVE;
				CLANG_CXX_LANGUAGE_STANDARD = "gnu++14";
				CLANG_CXX_LIBRARY = "libc++";
				CLANG_ENABLE_MODULES = YES;
				CLANG_ENABLE_OBJC_ARC = YES;
				CLANG_ENABLE_OBJC_WEAK = YES;
				CLANG_WARN_BLOCK_CAPTURE_AUTORELEASING = YES;
				CLANG_WARN_BOOL_CONVERSION = YES;
				CLANG_WARN_COMMA = YES;
				CLANG_WARN_CONSTANT_CONVERSION = YES;
				CLANG_WARN_DEPRECATED_OBJC_IMPLEMENTATIONS = YES;
				CLANG_WARN_DIRECT_OBJC_ISA_USAGE = YES_ERROR;
				CLANG_WARN_DOCUMENTATION_COMMENTS = YES;
				CLANG_WARN_EMPTY_BODY = YES;
				CLANG_WARN_ENUM_CONVERSION = YES;
				CLANG_WARN_INFINITE_RECURSION = YES;
				CLANG_WARN_INT_CONVERSION = YES;
				CLANG_WARN_NON_LITERAL_NULL_CONVERSION = YES;
				CLANG_WARN_OBJC_IMPLICIT_RETAIN_SELF = YES;
				CLANG_WARN_OBJC_LITERAL_CONVERSION = YES;
				CLANG_WARN_OBJC_ROOT_CLASS = YES_ERROR;
				CLANG_WARN_RANGE_LOOP_ANALYSIS = YES;
				CLANG_WARN_STRICT_PROTOTYPES = YES;
				CLANG_WARN_SUSPICIOUS_MOVE = YES;
				CLANG_WARN_UNGUARDED_AVAILABILITY = YES_AGGRESSIVE;
				CLANG_WARN_UNREACHABLE_CODE = YES;
				CLANG_WARN__DUPLICATE_METHOD_MATCH = YES;
				CODE_SIGN_IDENTITY = "iPhone Developer";
				COPY_PHASE_STRIP = NO;
				DEBUG_INFORMATION_FORMAT = dwarf;
				ENABLE_STRICT_OBJC_MSGSEND = YES;
				ENABLE_TESTABILITY = YES;
				GCC_C_LANGUAGE_STANDARD = gnu11;
				GCC_DYNAMIC_NO_PIC = NO;
				GCC_NO_COMMON_BLOCKS = YES;
				GCC_OPTIMIZATION_LEVEL = 0;
				GCC_PREPROCESSOR_DEFINITIONS = (
					"DEBUG=1",
					"$(inherited)",
				);
				GCC_WARN_64_TO_32_BIT_CONVERSION = YES;
				GCC_WARN_ABOUT_RETURN_TYPE = YES_ERROR;
				GCC_WARN_UNDECLARED_SELECTOR = YES;
				GCC_WARN_UNINITIALIZED_AUTOS = YES_AGGRESSIVE;
				GCC_WARN_UNUSED_FUNCTION = YES;
				GCC_WARN_UNUSED_VARIABLE = YES;
				IPHONEOS_DEPLOYMENT_TARGET = 12.1;
				MTL_ENABLE_DEBUG_INFO = INCLUDE_SOURCE;
				MTL_FAST_MATH = YES;
				ONLY_ACTIVE_ARCH = YES;
				SDKROOT = iphoneos;
				SWIFT_ACTIVE_COMPILATION_CONDITIONS = DEBUG;
				SWIFT_OPTIMIZATION_LEVEL = "-Onone";
			};
			name = Debug;
		};
		64809A4F223C3E2D00F5D26F /* Release */ = {
			isa = XCBuildConfiguration;
			buildSettings = {
				ALWAYS_SEARCH_USER_PATHS = NO;
				CLANG_ANALYZER_NONNULL = YES;
				CLANG_ANALYZER_NUMBER_OBJECT_CONVERSION = YES_AGGRESSIVE;
				CLANG_CXX_LANGUAGE_STANDARD = "gnu++14";
				CLANG_CXX_LIBRARY = "libc++";
				CLANG_ENABLE_MODULES = YES;
				CLANG_ENABLE_OBJC_ARC = YES;
				CLANG_ENABLE_OBJC_WEAK = YES;
				CLANG_WARN_BLOCK_CAPTURE_AUTORELEASING = YES;
				CLANG_WARN_BOOL_CONVERSION = YES;
				CLANG_WARN_COMMA = YES;
				CLANG_WARN_CONSTANT_CONVERSION = YES;
				CLANG_WARN_DEPRECATED_OBJC_IMPLEMENTATIONS = YES;
				CLANG_WARN_DIRECT_OBJC_ISA_USAGE = YES_ERROR;
				CLANG_WARN_DOCUMENTATION_COMMENTS = YES;
				CLANG_WARN_EMPTY_BODY = YES;
				CLANG_WARN_ENUM_CONVERSION = YES;
				CLANG_WARN_INFINITE_RECURSION = YES;
				CLANG_WARN_INT_CONVERSION = YES;
				CLANG_WARN_NON_LITERAL_NULL_CONVERSION = YES;
				CLANG_WARN_OBJC_IMPLICIT_RETAIN_SELF = YES;
				CLANG_WARN_OBJC_LITERAL_CONVERSION = YES;
				CLANG_WARN_OBJC_ROOT_CLASS = YES_ERROR;
				CLANG_WARN_RANGE_LOOP_ANALYSIS = YES;
				CLANG_WARN_STRICT_PROTOTYPES = YES;
				CLANG_WARN_SUSPICIOUS_MOVE = YES;
				CLANG_WARN_UNGUARDED_AVAILABILITY = YES_AGGRESSIVE;
				CLANG_WARN_UNREACHABLE_CODE = YES;
				CLANG_WARN__DUPLICATE_METHOD_MATCH = YES;
				CODE_SIGN_IDENTITY = "iPhone Developer";
				COPY_PHASE_STRIP = NO;
				DEBUG_INFORMATION_FORMAT = "dwarf-with-dsym";
				ENABLE_NS_ASSERTIONS = NO;
				ENABLE_STRICT_OBJC_MSGSEND = YES;
				GCC_C_LANGUAGE_STANDARD = gnu11;
				GCC_NO_COMMON_BLOCKS = YES;
				GCC_WARN_64_TO_32_BIT_CONVERSION = YES;
				GCC_WARN_ABOUT_RETURN_TYPE = YES_ERROR;
				GCC_WARN_UNDECLARED_SELECTOR = YES;
				GCC_WARN_UNINITIALIZED_AUTOS = YES_AGGRESSIVE;
				GCC_WARN_UNUSED_FUNCTION = YES;
				GCC_WARN_UNUSED_VARIABLE = YES;
				IPHONEOS_DEPLOYMENT_TARGET = 12.1;
				MTL_ENABLE_DEBUG_INFO = NO;
				MTL_FAST_MATH = YES;
				SDKROOT = iphoneos;
				SWIFT_COMPILATION_MODE = wholemodule;
				SWIFT_OPTIMIZATION_LEVEL = "-O";
				VALIDATE_PRODUCT = YES;
			};
			name = Release;
		};
		64809A51223C3E2D00F5D26F /* Debug */ = {
			isa = XCBuildConfiguration;
			buildSettings = {
				ASSETCATALOG_COMPILER_APPICON_NAME = "iMessage App Icon";
				CODE_SIGN_STYLE = Automatic;
				DEVELOPMENT_TEAM = W54LBZDX8H;
				INFOPLIST_FILE = "testing MessagesExtension/Info.plist";
				LD_RUNPATH_SEARCH_PATHS = (
					"$(inherited)",
					"@executable_path/Frameworks",
					"@executable_path/../../Frameworks",
				);
				PRODUCT_BUNDLE_IDENTIFIER = com.motiveg.testing.MessagesExtension;
				PRODUCT_NAME = "$(TARGET_NAME)";
				SKIP_INSTALL = YES;
				SWIFT_VERSION = 4.2;
				TARGETED_DEVICE_FAMILY = "1,2";
			};
			name = Debug;
		};
		64809A52223C3E2D00F5D26F /* Release */ = {
			isa = XCBuildConfiguration;
			buildSettings = {
				ASSETCATALOG_COMPILER_APPICON_NAME = "iMessage App Icon";
				CODE_SIGN_STYLE = Automatic;
				DEVELOPMENT_TEAM = W54LBZDX8H;
				INFOPLIST_FILE = "testing MessagesExtension/Info.plist";
				LD_RUNPATH_SEARCH_PATHS = (
					"$(inherited)",
					"@executable_path/Frameworks",
					"@executable_path/../../Frameworks",
				);
				PRODUCT_BUNDLE_IDENTIFIER = com.motiveg.testing.MessagesExtension;
				PRODUCT_NAME = "$(TARGET_NAME)";
				SKIP_INSTALL = YES;
				SWIFT_VERSION = 4.2;
				TARGETED_DEVICE_FAMILY = "1,2";
			};
			name = Release;
		};
		64809A55223C3E2D00F5D26F /* Debug */ = {
			isa = XCBuildConfiguration;
			buildSettings = {
				ALWAYS_EMBED_SWIFT_STANDARD_LIBRARIES = YES;
				ASSETCATALOG_COMPILER_APPICON_NAME = AppIcon;
				CODE_SIGN_STYLE = Automatic;
				DEVELOPMENT_TEAM = W54LBZDX8H;
				INFOPLIST_FILE = testing/Info.plist;
				PRODUCT_BUNDLE_IDENTIFIER = com.motiveg.testing;
				PRODUCT_NAME = "$(TARGET_NAME)";
				SWIFT_VERSION = 4.2;
				TARGETED_DEVICE_FAMILY = "1,2";
			};
			name = Debug;
		};
		64809A56223C3E2D00F5D26F /* Release */ = {
			isa = XCBuildConfiguration;
			buildSettings = {
				ALWAYS_EMBED_SWIFT_STANDARD_LIBRARIES = YES;
				ASSETCATALOG_COMPILER_APPICON_NAME = AppIcon;
				CODE_SIGN_STYLE = Automatic;
				DEVELOPMENT_TEAM = W54LBZDX8H;
				INFOPLIST_FILE = testing/Info.plist;
				PRODUCT_BUNDLE_IDENTIFIER = com.motiveg.testing;
				PRODUCT_NAME = "$(TARGET_NAME)";
				SWIFT_VERSION = 4.2;
				TARGETED_DEVICE_FAMILY = "1,2";
			};
			name = Release;
		};
/* End XCBuildConfiguration section */

/* Begin XCConfigurationList section */
		64809A31223C3E2B00F5D26F /* Build configuration list for PBXProject "testing" */ = {
			isa = XCConfigurationList;
			buildConfigurations = (
				64809A4E223C3E2D00F5D26F /* Debug */,
				64809A4F223C3E2D00F5D26F /* Release */,
			);
			defaultConfigurationIsVisible = 0;
			defaultConfigurationName = Release;
		};
		64809A50223C3E2D00F5D26F /* Build configuration list for PBXNativeTarget "testing MessagesExtension" */ = {
			isa = XCConfigurationList;
			buildConfigurations = (
				64809A51223C3E2D00F5D26F /* Debug */,
				64809A52223C3E2D00F5D26F /* Release */,
			);
			defaultConfigurationIsVisible = 0;
			defaultConfigurationName = Release;
		};
		64809A54223C3E2D00F5D26F /* Build configuration list for PBXNativeTarget "testing" */ = {
			isa = XCConfigurationList;
			buildConfigurations = (
				64809A55223C3E2D00F5D26F /* Debug */,
				64809A56223C3E2D00F5D26F /* Release */,
			);
			defaultConfigurationIsVisible = 0;
			defaultConfigurationName = Release;
		};
/* End XCConfigurationList section */
	};
	rootObject = 64809A2E223C3E2B00F5D26F /* Project object */;
}
